
Microsoft Visual Studio Solution File, Format Version 12.00
# Visual Studio 2013
VisualStudioVersion = 12.0.21005.1
MinimumVisualStudioVersion = 10.0.40219.1
Project("{8BC9CEB8-8B4A-11D0-8D11-00A0C91BC942}") = "Client", "Client\Client.vcxproj", "{7F8A4217-08BD-4282-A292-BE1AD0F5CDE9}"
EndProject
Project("{8BC9CEB8-8B4A-11D0-8D11-00A0C91BC942}") = "NetLib", "NetLib\NetLib.vcxproj", "{E89645E4-0F00-4E1F-966C-F7E03C964723}"
EndProject
Project("{8BC9CEB8-8B4A-11D0-8D11-00A0C91BC942}") = "NetLib_", "NetLib_\NetLib_.vcxproj", "{0D1C87F6-609A-4669-8400-098DEE280171}"
EndProject
Project("{8BC9CEB8-8B4A-11D0-8D11-00A0C91BC942}") = "FaceDemo", "FaceDemo\FaceDemo.vcxproj", "{379A3760-B3FE-4CCA-8824-F009E4BBC40A}"
EndProject
Project("{8BC9CEB8-8B4A-11D0-8D11-00A0C91BC942}") = "AlarmApp", "AlarmApp\AlarmApp.vcxproj", "{BEDA9118-9642-4594-9CE8-9A39E2921828}"
EndProject
Global
	GlobalSection(SolutionConfigurationPlatforms) = preSolution
		Debug|Mixed Platforms = Debug|Mixed Platforms
		Debug|Win32 = Debug|Win32
		Debug|x64 = Debug|x64
		Release|Mixed Platforms = Release|Mixed Platforms
		Release|Win32 = Release|Win32
		Release|x64 = Release|x64
	EndGlobalSection
	GlobalSection(ProjectConfigurationPlatforms) = postSolution
		{7F8A4217-08BD-4282-A292-BE1AD0F5CDE9}.Debug|Mixed Platforms.ActiveCfg = Debug|Win32
		{7F8A4217-08BD-4282-A292-BE1AD0F5CDE9}.Debug|Mixed Platforms.Build.0 = Debug|Win32
		{7F8A4217-08BD-4282-A292-BE1AD0F5CDE9}.Debug|Win32.ActiveCfg = Debug|Win32
		{7F8A4217-08BD-4282-A292-BE1AD0F5CDE9}.Debug|Win32.Build.0 = Debug|Win32
		{7F8A4217-08BD-4282-A292-BE1AD0F5CDE9}.Debug|x64.ActiveCfg = Debug|x64
		{7F8A4217-08BD-4282-A292-BE1AD0F5CDE9}.Debug|x64.Build.0 = Debug|x64
		{7F8A4217-08BD-4282-A292-BE1AD0F5CDE9}.Release|Mixed Platforms.ActiveCfg = Release|Win32
		{7F8A4217-08BD-4282-A292-BE1AD0F5CDE9}.Release|Mixed Platforms.Build.0 = Release|Win32
		{7F8A4217-08BD-4282-A292-BE1AD0F5CDE9}.Release|Win32.ActiveCfg = Release|Win32
		{7F8A4217-08BD-4282-A292-BE1AD0F5CDE9}.Release|Win32.Build.0 = Release|Win32
		{7F8A4217-08BD-4282-A292-BE1AD0F5CDE9}.Release|x64.ActiveCfg = Release|x64
		{7F8A4217-08BD-4282-A292-BE1AD0F5CDE9}.Release|x64.Build.0 = Release|x64
		{E89645E4-0F00-4E1F-966C-F7E03C964723}.Debug|Mixed Platforms.ActiveCfg = Debug|Win32
		{E89645E4-0F00-4E1F-966C-F7E03C964723}.Debug|Mixed Platforms.Build.0 = Debug|Win32
		{E89645E4-0F00-4E1F-966C-F7E03C964723}.Debug|Win32.ActiveCfg = Debug|Win32
		{E89645E4-0F00-4E1F-966C-F7E03C964723}.Debug|Win32.Build.0 = Debug|Win32
		{E89645E4-0F00-4E1F-966C-F7E03C964723}.Debug|x64.ActiveCfg = Debug|x64
		{E89645E4-0F00-4E1F-966C-F7E03C964723}.Debug|x64.Build.0 = Debug|x64
		{E89645E4-0F00-4E1F-966C-F7E03C964723}.Release|Mixed Platforms.ActiveCfg = Release|Win32
		{E89645E4-0F00-4E1F-966C-F7E03C964723}.Release|Mixed Platforms.Build.0 = Release|Win32
		{E89645E4-0F00-4E1F-966C-F7E03C964723}.Release|Win32.ActiveCfg = Release|Win32
		{E89645E4-0F00-4E1F-966C-F7E03C964723}.Release|Win32.Build.0 = Release|Win32
		{E89645E4-0F00-4E1F-966C-F7E03C964723}.Release|x64.ActiveCfg = Release|x64
		{E89645E4-0F00-4E1F-966C-F7E03C964723}.Release|x64.Build.0 = Release|x64
		{0D1C87F6-609A-4669-8400-098DEE280171}.Debug|Mixed Platforms.ActiveCfg = Debug|Win32
		{0D1C87F6-609A-4669-8400-098DEE280171}.Debug|Mixed Platforms.Build.0 = Debug|Win32
		{0D1C87F6-609A-4669-8400-098DEE280171}.Debug|Win32.ActiveCfg = Debug|Win32
		{0D1C87F6-609A-4669-8400-098DEE280171}.Debug|Win32.Build.0 = Debug|Win32
		{0D1C87F6-609A-4669-8400-098DEE280171}.Debug|x64.ActiveCfg = Debug|x64
		{0D1C87F6-609A-4669-8400-098DEE280171}.Debug|x64.Build.0 = Debug|x64
		{0D1C87F6-609A-4669-8400-098DEE280171}.Release|Mixed Platforms.ActiveCfg = Release|Win32
		{0D1C87F6-609A-4669-8400-098DEE280171}.Release|Mixed Platforms.Build.0 = Release|Win32
		{0D1C87F6-609A-4669-8400-098DEE280171}.Release|Win32.ActiveCfg = Release|Win32
		{0D1C87F6-609A-4669-8400-098DEE280171}.Release|Win32.Build.0 = Release|Win32
		{0D1C87F6-609A-4669-8400-098DEE280171}.Release|x64.ActiveCfg = Release|x64
		{0D1C87F6-609A-4669-8400-098DEE280171}.Release|x64.Build.0 = Release|x64
		{379A3760-B3FE-4CCA-8824-F009E4BBC40A}.Debug|Mixed Platforms.ActiveCfg = Debug|Win32
		{379A3760-B3FE-4CCA-8824-F009E4BBC40A}.Debug|Mixed Platforms.Build.0 = Debug|Win32
		{379A3760-B3FE-4CCA-8824-F009E4BBC40A}.Debug|Win32.ActiveCfg = Debug|Win32
		{379A3760-B3FE-4CCA-8824-F009E4BBC40A}.Debug|Win32.Build.0 = Debug|Win32
		{379A3760-B3FE-4CCA-8824-F009E4BBC40A}.Debug|x64.ActiveCfg = Debug|Win32
		{379A3760-B3FE-4CCA-8824-F009E4BBC40A}.Release|Mixed Platforms.ActiveCfg = Release|Win32
		{379A3760-B3FE-4CCA-8824-F009E4BBC40A}.Release|Mixed Platforms.Build.0 = Release|Win32
		{379A3760-B3FE-4CCA-8824-F009E4BBC40A}.Release|Win32.ActiveCfg = Release|Win32
		{379A3760-B3FE-4CCA-8824-F009E4BBC40A}.Release|Win32.Build.0 = Release|Win32
		{379A3760-B3FE-4CCA-8824-F009E4BBC40A}.Release|x64.ActiveCfg = Release|x64
		{379A3760-B3FE-4CCA-8824-F009E4BBC40A}.Release|x64.Build.0 = Release|x64
		{BEDA9118-9642-4594-9CE8-9A39E2921828}.Debug|Mixed Platforms.ActiveCfg = Debug|Win32
		{BEDA9118-9642-4594-9CE8-9A39E2921828}.Debug|Mixed Platforms.Build.0 = Debug|Win32
		{BEDA9118-9642-4594-9CE8-9A39E2921828}.Debug|Win32.ActiveCfg = Debug|Win32
		{BEDA9118-9642-4594-9CE8-9A39E2921828}.Debug|Win32.Build.0 = Debug|Win32
		{BEDA9118-9642-4594-9CE8-9A39E2921828}.Debug|x64.ActiveCfg = Debug|Win32
		{BEDA9118-9642-4594-9CE8-9A39E2921828}.Release|Mixed Platforms.ActiveCfg = Release|Win32
		{BEDA9118-9642-4594-9CE8-9A39E2921828}.Release|Mixed Platforms.Build.0 = Release|Win32
		{BEDA9118-9642-4594-9CE8-9A39E2921828}.Release|Win32.ActiveCfg = Release|Win32
		{BEDA9118-9642-4594-9CE8-9A39E2921828}.Release|Win32.Build.0 = Release|Win32
		{BEDA9118-9642-4594-9CE8-9A39E2921828}.Release|x64.ActiveCfg = Release|Win32
	EndGlobalSection
	GlobalSection(SolutionProperties) = preSolution
		HideSolutionNode = FALSE
	EndGlobalSection
EndGlobal
